
Microsoft Visual Studio Solution File, Format Version 12.00
# Visual Studio Version 16
VisualStudioVersion = 16.0.31112.23
MinimumVisualStudioVersion = 10.0.40219.1
Project("{FAE04EC0-301F-11D3-BF4B-00C04F79EFBC}") = "FcmNotification", "FcmNotification\FcmNotification.csproj", "{5F5DA2E9-5140-4886-B0C3-8BAEC45C8B99}"
EndProject
Global
	GlobalSection(SolutionConfigurationPlatforms) = preSolution
		Debug|Any CPU = Debug|Any CPU
		Release|Any CPU = Release|Any CPU
	EndGlobalSection
	GlobalSection(ProjectConfigurationPlatforms) = postSolution
		{5F5DA2E9-5140-4886-B0C3-8BAEC45C8B99}.Debug|Any CPU.ActiveCfg = Debug|Any CPU
		{5F5DA2E9-5140-4886-B0C3-8BAEC45C8B99}.Debug|Any CPU.Build.0 = Debug|Any CPU
		{5F5DA2E9-5140-4886-B0C3-8BAEC45C8B99}.Release|Any CPU.ActiveCfg = Release|Any CPU
		{5F5DA2E9-5140-4886-B0C3-8BAEC45C8B99}.Release|Any CPU.Build.0 = Release|Any CPU
	EndGlobalSection
	GlobalSection(SolutionProperties) = preSolution
		HideSolutionNode = FALSE
	EndGlobalSection
	GlobalSection(ExtensibilityGlobals) = postSolution
		SolutionGuid = {135DA218-A7DF-4C6A-B70C-1AB6C7F11953}
	EndGlobalSection
EndGlobal
